
Microsoft Visual Studio Solution File, Format Version 12.00
Project("{FAE04EC0-301F-11D3-BF4B-00C04F79EFBC}") = "AutoMapperBugDemo", "AutoMapperBugDemo\AutoMapperBugDemo.csproj", "{D16F0F63-E45F-4A5B-8647-3F0E53898E5D}"
EndProject
Global
	GlobalSection(SolutionConfigurationPlatforms) = preSolution
		Debug|Any CPU = Debug|Any CPU
		Release|Any CPU = Release|Any CPU
	EndGlobalSection
	GlobalSection(ProjectConfigurationPlatforms) = postSolution
		{D16F0F63-E45F-4A5B-8647-3F0E53898E5D}.Debug|Any CPU.ActiveCfg = Debug|Any CPU
		{D16F0F63-E45F-4A5B-8647-3F0E53898E5D}.Debug|Any CPU.Build.0 = Debug|Any CPU
		{D16F0F63-E45F-4A5B-8647-3F0E53898E5D}.Release|Any CPU.ActiveCfg = Release|Any CPU
		{D16F0F63-E45F-4A5B-8647-3F0E53898E5D}.Release|Any CPU.Build.0 = Release|Any CPU
	EndGlobalSection
EndGlobal
